
Microsoft Visual Studio Solution File, Format Version 12.00
# Visual Studio 15
VisualStudioVersion = 15.0.28307.271
MinimumVisualStudioVersion = 10.0.40219.1
Project("{FAE04EC0-301F-11D3-BF4B-00C04F79EFBC}") = "RemoveCSharpCommentsTool", "RemoveCSharpCommentsTool\RemoveCSharpCommentsTool.csproj", "{A5125018-8D54-4530-AF7E-ADA13B63EF92}"
EndProject
Project("{FAE04EC0-301F-11D3-BF4B-00C04F79EFBC}") = "RemoveCSharpCommentsToolTests", "RemoveCSharpCommentsToolTests\RemoveCSharpCommentsToolTests.csproj", "{DE64989D-A0C9-430C-B131-FF7EB794C335}"
EndProject
Global
	GlobalSection(SolutionConfigurationPlatforms) = preSolution
		Debug|Any CPU = Debug|Any CPU
		Release|Any CPU = Release|Any CPU
	EndGlobalSection
	GlobalSection(ProjectConfigurationPlatforms) = postSolution
		{A5125018-8D54-4530-AF7E-ADA13B63EF92}.Debug|Any CPU.ActiveCfg = Debug|Any CPU
		{A5125018-8D54-4530-AF7E-ADA13B63EF92}.Debug|Any CPU.Build.0 = Debug|Any CPU
		{A5125018-8D54-4530-AF7E-ADA13B63EF92}.Release|Any CPU.ActiveCfg = Release|Any CPU
		{A5125018-8D54-4530-AF7E-ADA13B63EF92}.Release|Any CPU.Build.0 = Release|Any CPU
		{DE64989D-A0C9-430C-B131-FF7EB794C335}.Debug|Any CPU.ActiveCfg = Debug|Any CPU
		{DE64989D-A0C9-430C-B131-FF7EB794C335}.Debug|Any CPU.Build.0 = Debug|Any CPU
		{DE64989D-A0C9-430C-B131-FF7EB794C335}.Release|Any CPU.ActiveCfg = Release|Any CPU
		{DE64989D-A0C9-430C-B131-FF7EB794C335}.Release|Any CPU.Build.0 = Release|Any CPU
	EndGlobalSection
	GlobalSection(SolutionProperties) = preSolution
		HideSolutionNode = FALSE
	EndGlobalSection
	GlobalSection(ExtensibilityGlobals) = postSolution
		SolutionGuid = {46566694-76AC-4D3C-848A-9898F2003999}
	EndGlobalSection
EndGlobal
